
Microsoft Visual Studio Solution File, Format Version 12.00
# Visual Studio 15
VisualStudioVersion = 15.0.28010.2003
MinimumVisualStudioVersion = 10.0.40219.1
Project("{9A19103F-16F7-4668-BE54-9A1E7A4F7556}") = "01.CrossRoads", "01.CrossRoads\01.CrossRoads.csproj", "{243769A8-B954-4688-805D-808B9F7AC67B}"
EndProject
Project("{9A19103F-16F7-4668-BE54-9A1E7A4F7556}") = "02.ParkingFeud", "02.ParkingFeud\02.ParkingFeud.csproj", "{86D9652A-BED4-423D-9663-F8DC5B64F408}"
EndProject
Project("{9A19103F-16F7-4668-BE54-9A1E7A4F7556}") = "03.TicketTrouble", "03.TicketTrouble\03.TicketTrouble.csproj", "{CCCFC6B9-548A-40AC-BEA1-DA545E1118BB}"
EndProject
Project("{FAE04EC0-301F-11D3-BF4B-00C04F79EFBC}") = "04.MovieTme", "04.MovieTme\04.MovieTme.csproj", "{04B44C4D-8701-4DC4-9C5B-F776A12FD9FE}"
EndProject
Global
	GlobalSection(SolutionConfigurationPlatforms) = preSolution
		Debug|Any CPU = Debug|Any CPU
		Release|Any CPU = Release|Any CPU
	EndGlobalSection
	GlobalSection(ProjectConfigurationPlatforms) = postSolution
		{243769A8-B954-4688-805D-808B9F7AC67B}.Debug|Any CPU.ActiveCfg = Debug|Any CPU
		{243769A8-B954-4688-805D-808B9F7AC67B}.Debug|Any CPU.Build.0 = Debug|Any CPU
		{243769A8-B954-4688-805D-808B9F7AC67B}.Release|Any CPU.ActiveCfg = Release|Any CPU
		{243769A8-B954-4688-805D-808B9F7AC67B}.Release|Any CPU.Build.0 = Release|Any CPU
		{86D9652A-BED4-423D-9663-F8DC5B64F408}.Debug|Any CPU.ActiveCfg = Debug|Any CPU
		{86D9652A-BED4-423D-9663-F8DC5B64F408}.Debug|Any CPU.Build.0 = Debug|Any CPU
		{86D9652A-BED4-423D-9663-F8DC5B64F408}.Release|Any CPU.ActiveCfg = Release|Any CPU
		{86D9652A-BED4-423D-9663-F8DC5B64F408}.Release|Any CPU.Build.0 = Release|Any CPU
		{CCCFC6B9-548A-40AC-BEA1-DA545E1118BB}.Debug|Any CPU.ActiveCfg = Debug|Any CPU
		{CCCFC6B9-548A-40AC-BEA1-DA545E1118BB}.Debug|Any CPU.Build.0 = Debug|Any CPU
		{CCCFC6B9-548A-40AC-BEA1-DA545E1118BB}.Release|Any CPU.ActiveCfg = Release|Any CPU
		{CCCFC6B9-548A-40AC-BEA1-DA545E1118BB}.Release|Any CPU.Build.0 = Release|Any CPU
		{04B44C4D-8701-4DC4-9C5B-F776A12FD9FE}.Debug|Any CPU.ActiveCfg = Debug|Any CPU
		{04B44C4D-8701-4DC4-9C5B-F776A12FD9FE}.Debug|Any CPU.Build.0 = Debug|Any CPU
		{04B44C4D-8701-4DC4-9C5B-F776A12FD9FE}.Release|Any CPU.ActiveCfg = Release|Any CPU
		{04B44C4D-8701-4DC4-9C5B-F776A12FD9FE}.Release|Any CPU.Build.0 = Release|Any CPU
	EndGlobalSection
	GlobalSection(SolutionProperties) = preSolution
		HideSolutionNode = FALSE
	EndGlobalSection
	GlobalSection(ExtensibilityGlobals) = postSolution
		SolutionGuid = {468525D9-DFEF-4B67-80F0-B33ED0C6C919}
	EndGlobalSection
EndGlobal
