
Microsoft Visual Studio Solution File, Format Version 12.00
# Visual Studio 15
VisualStudioVersion = 15.0.27703.2026
MinimumVisualStudioVersion = 10.0.40219.1
Project("{9A19103F-16F7-4668-BE54-9A1E7A4F7556}") = "01.SumMatrixElements", "01.SumMatrixElements\01.SumMatrixElements.csproj", "{9F3646B8-FB28-402B-89D2-5E0962D1DF5E}"
EndProject
Project("{9A19103F-16F7-4668-BE54-9A1E7A4F7556}") = "02.SquareWithMaximumSum", "02.SquareWithMaximumSum\02.SquareWithMaximumSum.csproj", "{A635727C-5E75-41C1-A30A-21CD217B7247}"
EndProject
Project("{9A19103F-16F7-4668-BE54-9A1E7A4F7556}") = "03.GroupNumbers", "03.GroupNumbers\03.GroupNumbers.csproj", "{7EE5AC80-3E05-4E1E-8130-501E227826F2}"
EndProject
Project("{9A19103F-16F7-4668-BE54-9A1E7A4F7556}") = "04.PascalTriangle", "04.PascalTriangle\04.PascalTriangle.csproj", "{0F057B7F-8AB4-4D37-802A-B856DD0C21CE}"
EndProject
Project("{FAE04EC0-301F-11D3-BF4B-00C04F79EFBC}") = "05.SumMatrixColumns", "05.SumMatrixColumns\05.SumMatrixColumns.csproj", "{34B8B3FB-A121-47F2-8C50-CDE8F14626D6}"
EndProject
Project("{FAE04EC0-301F-11D3-BF4B-00C04F79EFBC}") = "06.PrimaryDiagonal", "06.PrimaryDiagonal\06.PrimaryDiagonal.csproj", "{D1481F48-B8DC-466A-8935-32FDE73C6C59}"
EndProject
Project("{FAE04EC0-301F-11D3-BF4B-00C04F79EFBC}") = "07.SymbolInMatrix", "07.SymbolInMatrix\07.SymbolInMatrix.csproj", "{4C999C5E-90FA-4003-A00D-C2C96A269E56}"
EndProject
Project("{FAE04EC0-301F-11D3-BF4B-00C04F79EFBC}") = "08.SquareWithMaximumSum", "08.SquareWithMaximumSum\08.SquareWithMaximumSum.csproj", "{A36A743A-30FB-47D4-B4D7-830486B76DCB}"
EndProject
Global
	GlobalSection(SolutionConfigurationPlatforms) = preSolution
		Debug|Any CPU = Debug|Any CPU
		Release|Any CPU = Release|Any CPU
	EndGlobalSection
	GlobalSection(ProjectConfigurationPlatforms) = postSolution
		{9F3646B8-FB28-402B-89D2-5E0962D1DF5E}.Debug|Any CPU.ActiveCfg = Debug|Any CPU
		{9F3646B8-FB28-402B-89D2-5E0962D1DF5E}.Debug|Any CPU.Build.0 = Debug|Any CPU
		{9F3646B8-FB28-402B-89D2-5E0962D1DF5E}.Release|Any CPU.ActiveCfg = Release|Any CPU
		{9F3646B8-FB28-402B-89D2-5E0962D1DF5E}.Release|Any CPU.Build.0 = Release|Any CPU
		{A635727C-5E75-41C1-A30A-21CD217B7247}.Debug|Any CPU.ActiveCfg = Debug|Any CPU
		{A635727C-5E75-41C1-A30A-21CD217B7247}.Debug|Any CPU.Build.0 = Debug|Any CPU
		{A635727C-5E75-41C1-A30A-21CD217B7247}.Release|Any CPU.ActiveCfg = Release|Any CPU
		{A635727C-5E75-41C1-A30A-21CD217B7247}.Release|Any CPU.Build.0 = Release|Any CPU
		{7EE5AC80-3E05-4E1E-8130-501E227826F2}.Debug|Any CPU.ActiveCfg = Debug|Any CPU
		{7EE5AC80-3E05-4E1E-8130-501E227826F2}.Debug|Any CPU.Build.0 = Debug|Any CPU
		{7EE5AC80-3E05-4E1E-8130-501E227826F2}.Release|Any CPU.ActiveCfg = Release|Any CPU
		{7EE5AC80-3E05-4E1E-8130-501E227826F2}.Release|Any CPU.Build.0 = Release|Any CPU
		{0F057B7F-8AB4-4D37-802A-B856DD0C21CE}.Debug|Any CPU.ActiveCfg = Debug|Any CPU
		{0F057B7F-8AB4-4D37-802A-B856DD0C21CE}.Debug|Any CPU.Build.0 = Debug|Any CPU
		{0F057B7F-8AB4-4D37-802A-B856DD0C21CE}.Release|Any CPU.ActiveCfg = Release|Any CPU
		{0F057B7F-8AB4-4D37-802A-B856DD0C21CE}.Release|Any CPU.Build.0 = Release|Any CPU
		{34B8B3FB-A121-47F2-8C50-CDE8F14626D6}.Debug|Any CPU.ActiveCfg = Debug|Any CPU
		{34B8B3FB-A121-47F2-8C50-CDE8F14626D6}.Debug|Any CPU.Build.0 = Debug|Any CPU
		{34B8B3FB-A121-47F2-8C50-CDE8F14626D6}.Release|Any CPU.ActiveCfg = Release|Any CPU
		{34B8B3FB-A121-47F2-8C50-CDE8F14626D6}.Release|Any CPU.Build.0 = Release|Any CPU
		{D1481F48-B8DC-466A-8935-32FDE73C6C59}.Debug|Any CPU.ActiveCfg = Debug|Any CPU
		{D1481F48-B8DC-466A-8935-32FDE73C6C59}.Debug|Any CPU.Build.0 = Debug|Any CPU
		{D1481F48-B8DC-466A-8935-32FDE73C6C59}.Release|Any CPU.ActiveCfg = Release|Any CPU
		{D1481F48-B8DC-466A-8935-32FDE73C6C59}.Release|Any CPU.Build.0 = Release|Any CPU
		{4C999C5E-90FA-4003-A00D-C2C96A269E56}.Debug|Any CPU.ActiveCfg = Debug|Any CPU
		{4C999C5E-90FA-4003-A00D-C2C96A269E56}.Debug|Any CPU.Build.0 = Debug|Any CPU
		{4C999C5E-90FA-4003-A00D-C2C96A269E56}.Release|Any CPU.ActiveCfg = Release|Any CPU
		{4C999C5E-90FA-4003-A00D-C2C96A269E56}.Release|Any CPU.Build.0 = Release|Any CPU
		{A36A743A-30FB-47D4-B4D7-830486B76DCB}.Debug|Any CPU.ActiveCfg = Debug|Any CPU
		{A36A743A-30FB-47D4-B4D7-830486B76DCB}.Debug|Any CPU.Build.0 = Debug|Any CPU
		{A36A743A-30FB-47D4-B4D7-830486B76DCB}.Release|Any CPU.ActiveCfg = Release|Any CPU
		{A36A743A-30FB-47D4-B4D7-830486B76DCB}.Release|Any CPU.Build.0 = Release|Any CPU
	EndGlobalSection
	GlobalSection(SolutionProperties) = preSolution
		HideSolutionNode = FALSE
	EndGlobalSection
	GlobalSection(ExtensibilityGlobals) = postSolution
		SolutionGuid = {0732DE2F-31A7-4EB3-98CB-CB0B2852042F}
	EndGlobalSection
EndGlobal
